
Microsoft Visual Studio Solution File, Format Version 12.00
# Visual Studio Version 16
VisualStudioVersion = 16.0.31729.503
MinimumVisualStudioVersion = 10.0.40219.1
Project("{FAE04EC0-301F-11D3-BF4B-00C04F79EFBC}") = "EskimoOnline", "EskimoOnline\EskimoOnline.csproj", "{34351BC8-7020-4F5B-A30A-C60AEB0DF7D3}"
EndProject
Global
	GlobalSection(SolutionConfigurationPlatforms) = preSolution
		Debug|Any CPU = Debug|Any CPU
		Release|Any CPU = Release|Any CPU
	EndGlobalSection
	GlobalSection(ProjectConfigurationPlatforms) = postSolution
		{34351BC8-7020-4F5B-A30A-C60AEB0DF7D3}.Debug|Any CPU.ActiveCfg = Debug|Any CPU
		{34351BC8-7020-4F5B-A30A-C60AEB0DF7D3}.Debug|Any CPU.Build.0 = Debug|Any CPU
		{34351BC8-7020-4F5B-A30A-C60AEB0DF7D3}.Release|Any CPU.ActiveCfg = Release|Any CPU
		{34351BC8-7020-4F5B-A30A-C60AEB0DF7D3}.Release|Any CPU.Build.0 = Release|Any CPU
	EndGlobalSection
	GlobalSection(SolutionProperties) = preSolution
		HideSolutionNode = FALSE
	EndGlobalSection
	GlobalSection(ExtensibilityGlobals) = postSolution
		SolutionGuid = {8A5D83C1-C66E-4E47-A7F5-08347246FF97}
	EndGlobalSection
EndGlobal
